lockfileVersion: '9.0'

settings:
  autoInstallPeers: true
  excludeLinksFromLockfile: false

importers:

  .:
    devDependencies:
      effect:
        specifier: 3.19.15
        version: 3.19.15
      typescript:
        specifier: 5.8.3
        version: 5.8.3

packages:

  '@standard-schema/spec@1.1.0':
    resolution: {integrity: sha512-l2aFy5jALhniG5HgqrD6jXLi/rUWrKvqN/qJx6yoJsgKhblVd+iqqU4RCXavm/jPityDo5TCvKMnpjKnOriy0w==}

  effect@3.19.15:
    resolution: {integrity: sha512-vzMmgfZKLcojmUjBdlQx+uaKryO7yULlRxjpDnHdnvcp1NPHxJyoM6IOXBLlzz2I/uPtZpGKavt5hBv7IvGZkA==}

  fast-check@3.23.2:
    resolution: {integrity: sha512-h5+1OzzfCC3Ef7VbtKdcv7zsstUQwUDlYpUTvjeUsJAssPgLn7QzbboPtL5ro04Mq0rPOsMzl7q5hIbRs2wD1A==}
    engines: {node: '>=8.0.0'}

  pure-rand@6.1.0:
    resolution: {integrity: sha512-bVWawvoZoBYpp6yIoQtQXHZjmz35RSVHnUOTefl8Vcjr8snTPY1wnpSPMWekcFwbxI6gtmT7rSYPFvz71ldiOA==}

  typescript@5.8.3:
    resolution: {integrity: sha512-p1diW6TqL9L07nNxvRMM7hMMw4c5XOo/1ibL4aAIGmSAt9slTE1Xgw5KWuof2uTOvCg9BY7ZRi+GaF+7sfgPeQ==}
    engines: {node: '>=14.17'}
    hasBin: true

snapshots:

  '@standard-schema/spec@1.1.0': {}

  effect@3.19.15:
    dependencies:
      '@standard-schema/spec': 1.1.0
      fast-check: 3.23.2

  fast-check@3.23.2:
    dependencies:
      pure-rand: 6.1.0

  pure-rand@6.1.0: {}

  typescript@5.8.3: {}
